
Microsoft Visual Studio Solution File, Format Version 12.00
# Visual Studio 15
VisualStudioVersion = 15.0.27130.2010
MinimumVisualStudioVersion = 10.0.40219.1
Project("{FAE04EC0-301F-11D3-BF4B-00C04F79EFBC}") = "Cliente Base", "Cliente Base\Cliente Base.csproj", "{36C37237-CABD-47C6-AC2A-367612FAAC24}"
EndProject
Global
	GlobalSection(SolutionConfigurationPlatforms) = preSolution
		Debug|Any CPU = Debug|Any CPU
		Release|Any CPU = Release|Any CPU
	EndGlobalSection
	GlobalSection(ProjectConfigurationPlatforms) = postSolution
		{36C37237-CABD-47C6-AC2A-367612FAAC24}.Debug|Any CPU.ActiveCfg = Debug|Any CPU
		{36C37237-CABD-47C6-AC2A-367612FAAC24}.Debug|Any CPU.Build.0 = Debug|Any CPU
		{36C37237-CABD-47C6-AC2A-367612FAAC24}.Release|Any CPU.ActiveCfg = Release|Any CPU
		{36C37237-CABD-47C6-AC2A-367612FAAC24}.Release|Any CPU.Build.0 = Release|Any CPU
	EndGlobalSection
	GlobalSection(SolutionProperties) = preSolution
		HideSolutionNode = FALSE
	EndGlobalSection
	GlobalSection(ExtensibilityGlobals) = postSolution
		SolutionGuid = {D40C1482-5A6F-41F8-BDF9-30C084B7AAA7}
	EndGlobalSection
EndGlobal
